// !$*UTF8*$!
{
	archiveVersion = 1;
	classes = {
	};
	objectVersion = 46;
	objects = {

/* Begin PBXBuildFile section */
		23357A4326D9B9D20085CF13 /* youtube-dl-2021-06-06.sh in Resources */ = {isa = PBXBuildFile; fileRef = 23357A4226D9B9D20085CF13 /* youtube-dl-2021-06-06.sh */; };
		233DF4F424E4B2F60070F015 /* DownloadingPreferencesViewController.swift in Sources */ = {isa = PBXBuildFile; fileRef = 233DF4F324E4B2F60070F015 /* DownloadingPreferencesViewController.swift */; };
		23D2A9F225CA2132007DE2E1 /* youtube-dl-2021-01-24-1.sh in Resources */ = {isa = PBXBuildFile; fileRef = 23D2A9F125CA2132007DE2E1 /* youtube-dl-2021-01-24-1.sh */; };
		B7058DB822B6D392001E818D /* Downloader.swift in Sources */ = {isa = PBXBuildFile; fileRef = B7058DB722B6D392001E818D /* Downloader.swift */; };
		B7058DBA22B6DB20001E818D /* YTDownloadRequest.swift in Sources */ = {isa = PBXBuildFile; fileRef = B7058DB922B6DB20001E818D /* YTDownloadRequest.swift */; };
		B77E6A651E9BCEFC001CFE77 /* AppDelegate.swift in Sources */ = {isa = PBXBuildFile; fileRef = B77E6A641E9BCEFC001CFE77 /* AppDelegate.swift */; };
		B77E6A671E9BCEFC001CFE77 /* ViewController.swift in Sources */ = {isa = PBXBuildFile; fileRef = B77E6A661E9BCEFC001CFE77 /* ViewController.swift */; };
		B77E6A691E9BCEFC001CFE77 /* Assets.xcassets in Resources */ = {isa = PBXBuildFile; fileRef = B77E6A681E9BCEFC001CFE77 /* Assets.xcassets */; };
		B77E6A6C1E9BCEFC001CFE77 /* Main.storyboard in Resources */ = {isa = PBXBuildFile; fileRef = B77E6A6A1E9BCEFC001CFE77 /* Main.storyboard */; };
		B78D7FA022CAA559009170F8 /* PreferencesWindowController.swift in Sources */ = {isa = PBXBuildFile; fileRef = B78D7F9F22CAA559009170F8 /* PreferencesWindowController.swift */; };
		B78D7FA322CAA687009170F8 /* PreferencesViewController.swift in Sources */ = {isa = PBXBuildFile; fileRef = B78D7FA222CAA686009170F8 /* PreferencesViewController.swift */; };
		B7C45E1A20044C7400473CF8 /* MainWindowController.swift in Sources */ = {isa = PBXBuildFile; fileRef = B7C45E1920044C7400473CF8 /* MainWindowController.swift */; };
		B7EC8035200576860059C8C8 /* PreviousTableViewController.swift in Sources */ = {isa = PBXBuildFile; fileRef = B7EC8034200576860059C8C8 /* PreviousTableViewController.swift */; };
		C87CB87520066C90008AA662 /* Extensions.swift in Sources */ = {isa = PBXBuildFile; fileRef = C87CB87420066C90008AA662 /* Extensions.swift */; };
/* End PBXBuildFile section */

/* Begin PBXCopyFilesBuildPhase section */
		B7DAB79A208FCB15003BD9B3 /* CopyFiles */ = {
			isa = PBXCopyFilesBuildPhase;
			buildActionMask = 2147483647;
			dstPath = "";
			dstSubfolderSpec = 10;
			files = (
			);
			runOnlyForDeploymentPostprocessing = 0;
		};
/* End PBXCopyFilesBuildPhase section */

/* Begin PBXFileReference section */
		23357A4226D9B9D20085CF13 /* youtube-dl-2021-06-06.sh */ = {isa = PBXFileReference; fileEncoding = 4; lastKnownFileType = text.script.sh; path = "youtube-dl-2021-06-06.sh"; sourceTree = "<group>"; };
		233DF4F324E4B2F60070F015 /* DownloadingPreferencesViewController.swift */ = {isa = PBXFileReference; lastKnownFileType = sourcecode.swift; path = DownloadingPreferencesViewController.swift; sourceTree = "<group>"; };
		23D2A9F125CA2132007DE2E1 /* youtube-dl-2021-01-24-1.sh */ = {isa = PBXFileReference; fileEncoding = 4; lastKnownFileType = text.script.sh; path = "youtube-dl-2021-01-24-1.sh"; sourceTree = "<group>"; };
		B7058DB722B6D392001E818D /* Downloader.swift */ = {isa = PBXFileReference; lastKnownFileType = sourcecode.swift; path = Downloader.swift; sourceTree = "<group>"; };
		B7058DB922B6DB20001E818D /* YTDownloadRequest.swift */ = {isa = PBXFileReference; lastKnownFileType = sourcecode.swift; path = YTDownloadRequest.swift; sourceTree = "<group>"; };
		B77E6A611E9BCEFC001CFE77 /* YoutubeToMac.app */ = {isa = PBXFileReference; explicitFileType = wrapper.application; includeInIndex = 0; path = YoutubeToMac.app; sourceTree = BUILT_PRODUCTS_DIR; };
		B77E6A641E9BCEFC001CFE77 /* AppDelegate.swift */ = {isa = PBXFileReference; lastKnownFileType = sourcecode.swift; path = AppDelegate.swift; sourceTree = "<group>"; };
		B77E6A661E9BCEFC001CFE77 /* ViewController.swift */ = {isa = PBXFileReference; lastKnownFileType = sourcecode.swift; path = ViewController.swift; sourceTree = "<group>"; };
		B77E6A681E9BCEFC001CFE77 /* Assets.xcassets */ = {isa = PBXFileReference; lastKnownFileType = folder.assetcatalog; path = Assets.xcassets; sourceTree = "<group>"; };
		B77E6A6B1E9BCEFC001CFE77 /* Base */ = {isa = PBXFileReference; lastKnownFileType = file.storyboard; name = Base; path = Base.lproj/Main.storyboard; sourceTree = "<group>"; };
		B77E6A6D1E9BCEFC001CFE77 /* Info.plist */ = {isa = PBXFileReference; lastKnownFileType = text.plist.xml; path = Info.plist; sourceTree = "<group>"; };
		B78D7F9F22CAA559009170F8 /* PreferencesWindowController.swift */ = {isa = PBXFileReference; lastKnownFileType = sourcecode.swift; path = PreferencesWindowController.swift; sourceTree = "<group>"; };
		B78D7FA222CAA686009170F8 /* PreferencesViewController.swift */ = {isa = PBXFileReference; lastKnownFileType = sourcecode.swift; path = PreferencesViewController.swift; sourceTree = "<group>"; };
		B79FF90D2006C02500D28394 /* YoutubeToMac.entitlements */ = {isa = PBXFileReference; lastKnownFileType = text.plist.entitlements; path = YoutubeToMac.entitlements; sourceTree = "<group>"; };
		B7C45E1920044C7400473CF8 /* MainWindowController.swift */ = {isa = PBXFileReference; lastKnownFileType = sourcecode.swift; path = MainWindowController.swift; sourceTree = "<group>"; };
		B7EC8034200576860059C8C8 /* PreviousTableViewController.swift */ = {isa = PBXFileReference; lastKnownFileType = sourcecode.swift; path = PreviousTableViewController.swift; sourceTree = "<group>"; };
		C87CB87420066C90008AA662 /* Extensions.swift */ = {isa = PBXFileReference; lastKnownFileType = sourcecode.swift; path = Extensions.swift; sourceTree = "<group>"; };
/* End PBXFileReference section */

/* Begin PBXFrameworksBuildPhase section */
		B77E6A5E1E9BCEFC001CFE77 /* Frameworks */ = {
			isa = PBXFrameworksBuildPhase;
			buildActionMask = 2147483647;
			files = (
			);
			runOnlyForDeploymentPostprocessing = 0;
		};
/* End PBXFrameworksBuildPhase section */

/* Begin PBXGroup section */
		233DF4F024E4A5820070F015 /* Preferences */ = {
			isa = PBXGroup;
			children = (
				B78D7FA222CAA686009170F8 /* PreferencesViewController.swift */,
				233DF4F324E4B2F60070F015 /* DownloadingPreferencesViewController.swift */,
			);
			path = Preferences;
			sourceTree = "<group>";
		};
		B773BB5D2263E4AB00F24E37 /* YoutubeDL */ = {
			isa = PBXGroup;
			children = (
				23357A4226D9B9D20085CF13 /* youtube-dl-2021-06-06.sh */,
				23D2A9F125CA2132007DE2E1 /* youtube-dl-2021-01-24-1.sh */,
			);
			path = YoutubeDL;
			sourceTree = "<group>";
		};
		B77E6A581E9BCEFC001CFE77 = {
			isa = PBXGroup;
			children = (
				B79FF90D2006C02500D28394 /* YoutubeToMac.entitlements */,
				B77E6A631E9BCEFC001CFE77 /* YT3Swift */,
				B77E6A621E9BCEFC001CFE77 /* Products */,
			);
			sourceTree = "<group>";
		};
		B77E6A621E9BCEFC001CFE77 /* Products */ = {
			isa = PBXGroup;
			children = (
				B77E6A611E9BCEFC001CFE77 /* YoutubeToMac.app */,
			);
			name = Products;
			sourceTree = "<group>";
		};
		B77E6A631E9BCEFC001CFE77 /* YT3Swift */ = {
			isa = PBXGroup;
			children = (
				B773BB5D2263E4AB00F24E37 /* YoutubeDL */,
				B78D7FA122CAA561009170F8 /* Window Controllers */,
				B78D7FA422CAA695009170F8 /* View Controllers */,
				B77E6A641E9BCEFC001CFE77 /* AppDelegate.swift */,
				B7058DB722B6D392001E818D /* Downloader.swift */,
				B7058DB922B6DB20001E818D /* YTDownloadRequest.swift */,
				C87CB87420066C90008AA662 /* Extensions.swift */,
				B77E6A681E9BCEFC001CFE77 /* Assets.xcassets */,
				B77E6A6A1E9BCEFC001CFE77 /* Main.storyboard */,
				B77E6A6D1E9BCEFC001CFE77 /* Info.plist */,
			);
			path = YT3Swift;
			sourceTree = "<group>";
		};
		B78D7FA122CAA561009170F8 /* Window Controllers */ = {
			isa = PBXGroup;
			children = (
				B7C45E1920044C7400473CF8 /* MainWindowController.swift */,
				B78D7F9F22CAA559009170F8 /* PreferencesWindowController.swift */,
			);
			path = "Window Controllers";
			sourceTree = "<group>";
		};
		B78D7FA422CAA695009170F8 /* View Controllers */ = {
			isa = PBXGroup;
			children = (
				233DF4F024E4A5820070F015 /* Preferences */,
				B7EC8034200576860059C8C8 /* PreviousTableViewController.swift */,
				B77E6A661E9BCEFC001CFE77 /* ViewController.swift */,
			);
			path = "View Controllers";
			sourceTree = "<group>";
		};
/* End PBXGroup section */

/* Begin PBXNativeTarget section */
		B77E6A601E9BCEFC001CFE77 /* YoutubeToMac */ = {
			isa = PBXNativeTarget;
			buildConfigurationList = B77E6A701E9BCEFC001CFE77 /* Build configuration list for PBXNativeTarget "YoutubeToMac" */;
			buildPhases = (
				B77E6A5D1E9BCEFC001CFE77 /* Sources */,
				B77E6A5E1E9BCEFC001CFE77 /* Frameworks */,
				B77E6A5F1E9BCEFC001CFE77 /* Resources */,
				B7DAB79A208FCB15003BD9B3 /* CopyFiles */,
			);
			buildRules = (
			);
			dependencies = (
			);
			name = YoutubeToMac;
			packageProductDependencies = (
			);
			productName = YT3Swift;
			productReference = B77E6A611E9BCEFC001CFE77 /* YoutubeToMac.app */;
			productType = "com.apple.product-type.application";
		};
/* End PBXNativeTarget section */

/* Begin PBXProject section */
		B77E6A591E9BCEFC001CFE77 /* Project object */ = {
			isa = PBXProject;
			attributes = {
				LastSwiftUpdateCheck = 0830;
				LastUpgradeCheck = 1200;
				ORGANIZATIONNAME = "Peer Group Software";
				TargetAttributes = {
					B77E6A601E9BCEFC001CFE77 = {
						CreatedOnToolsVersion = 8.3.1;
						DevelopmentTeam = 9W7546BN3K;
						LastSwiftMigration = 1020;
						ProvisioningStyle = Automatic;
						SystemCapabilities = {
							com.apple.HardenedRuntime = {
								enabled = 1;
							};
							com.apple.Push = {
								enabled = 0;
							};
							com.apple.Sandbox = {
								enabled = 1;
							};
						};
					};
				};
			};
			buildConfigurationList = B77E6A5C1E9BCEFC001CFE77 /* Build configuration list for PBXProject "YoutubeToMac" */;
			compatibilityVersion = "Xcode 3.2";
			developmentRegion = en;
			hasScannedForEncodings = 0;
			knownRegions = (
				en,
				Base,
			);
			mainGroup = B77E6A581E9BCEFC001CFE77;
			packageReferences = (
			);
			productRefGroup = B77E6A621E9BCEFC001CFE77 /* Products */;
			projectDirPath = "";
			projectRoot = "";
			targets = (
				B77E6A601E9BCEFC001CFE77 /* YoutubeToMac */,
			);
		};
/* End PBXProject section */

/* Begin PBXResourcesBuildPhase section */
		B77E6A5F1E9BCEFC001CFE77 /* Resources */ = {
			isa = PBXResourcesBuildPhase;
			buildActionMask = 2147483647;
			files = (
				B77E6A691E9BCEFC001CFE77 /* Assets.xcassets in Resources */,
				B77E6A6C1E9BCEFC001CFE77 /* Main.storyboard in Resources */,
				23D2A9F225CA2132007DE2E1 /* youtube-dl-2021-01-24-1.sh in Resources */,
				23357A4326D9B9D20085CF13 /* youtube-dl-2021-06-06.sh in Resources */,
			);
			runOnlyForDeploymentPostprocessing = 0;
		};
/* End PBXResourcesBuildPhase section */

/* Begin PBXSourcesBuildPhase section */
		B77E6A5D1E9BCEFC001CFE77 /* Sources */ = {
			isa = PBXSourcesBuildPhase;
			buildActionMask = 2147483647;
			files = (
				B7EC8035200576860059C8C8 /* PreviousTableViewController.swift in Sources */,
				B77E6A671E9BCEFC001CFE77 /* ViewController.swift in Sources */,
				B78D7FA322CAA687009170F8 /* PreferencesViewController.swift in Sources */,
				B7058DB822B6D392001E818D /* Downloader.swift in Sources */,
				C87CB87520066C90008AA662 /* Extensions.swift in Sources */,
				B77E6A651E9BCEFC001CFE77 /* AppDelegate.swift in Sources */,
				B7C45E1A20044C7400473CF8 /* MainWindowController.swift in Sources */,
				B78D7FA022CAA559009170F8 /* PreferencesWindowController.swift in Sources */,
				233DF4F424E4B2F60070F015 /* DownloadingPreferencesViewController.swift in Sources */,
				B7058DBA22B6DB20001E818D /* YTDownloadRequest.swift in Sources */,
			);
			runOnlyForDeploymentPostprocessing = 0;
		};
/* End PBXSourcesBuildPhase section */

/* Begin PBXVariantGroup section */
		B77E6A6A1E9BCEFC001CFE77 /* Main.storyboard */ = {
			isa = PBXVariantGroup;
			children = (
				B77E6A6B1E9BCEFC001CFE77 /* Base */,
			);
			name = Main.storyboard;
			sourceTree = "<group>";
		};
/* End PBXVariantGroup section */

/* Begin XCBuildConfiguration section */
		B77E6A6E1E9BCEFC001CFE77 /* Debug */ = {
			isa = XCBuildConfiguration;
			buildSettings = {
				ALWAYS_SEARCH_USER_PATHS = NO;
				CLANG_ANALYZER_LOCALIZABILITY_NONLOCALIZED = YES;
				CLANG_ANALYZER_NONNULL = YES;
				CLANG_ANALYZER_NUMBER_OBJECT_CONVERSION = YES_AGGRESSIVE;
				CLANG_CXX_LANGUAGE_STANDARD = "gnu++0x";
				CLANG_CXX_LIBRARY = "libc++";
				CLANG_ENABLE_MODULES = YES;
				CLANG_ENABLE_OBJC_ARC = YES;
				CLANG_WARN_BLOCK_CAPTURE_AUTORELEASING = YES;
				CLANG_WARN_BOOL_CONVERSION = YES;
				CLANG_WARN_COMMA = YES;
				CLANG_WARN_CONSTANT_CONVERSION = YES;
				CLANG_WARN_DEPRECATED_OBJC_IMPLEMENTATIONS = YES;
				CLANG_WARN_DIRECT_OBJC_ISA_USAGE = YES_ERROR;
				CLANG_WARN_DOCUMENTATION_COMMENTS = YES;
				CLANG_WARN_EMPTY_BODY = YES;
				CLANG_WARN_ENUM_CONVERSION = YES;
				CLANG_WARN_INFINITE_RECURSION = YES;
				CLANG_WARN_INT_CONVERSION = YES;
				CLANG_WARN_NON_LITERAL_NULL_CONVERSION = YES;
				CLANG_WARN_OBJC_IMPLICIT_RETAIN_SELF = YES;
				CLANG_WARN_OBJC_LITERAL_CONVERSION = YES;
				CLANG_WARN_OBJC_ROOT_CLASS = YES_ERROR;
				CLANG_WARN_QUOTED_INCLUDE_IN_FRAMEWORK_HEADER = YES;
				CLANG_WARN_RANGE_LOOP_ANALYSIS = YES;
				CLANG_WARN_STRICT_PROTOTYPES = YES;
				CLANG_WARN_SUSPICIOUS_MOVE = YES;
				CLANG_WARN_UNREACHABLE_CODE = YES;
				CLANG_WARN__DUPLICATE_METHOD_MATCH = YES;
				CODE_SIGN_IDENTITY = "-";
				COPY_PHASE_STRIP = NO;
				DEBUG_INFORMATION_FORMAT = dwarf;
				ENABLE_STRICT_OBJC_MSGSEND = YES;
				ENABLE_TESTABILITY = YES;
				GCC_C_LANGUAGE_STANDARD = gnu99;
				GCC_DYNAMIC_NO_PIC = NO;
				GCC_NO_COMMON_BLOCKS = YES;
				GCC_OPTIMIZATION_LEVEL = 0;
				GCC_PREPROCESSOR_DEFINITIONS = (
					"DEBUG=1",
					"$(inherited)",
				);
				GCC_WARN_64_TO_32_BIT_CONVERSION = YES;
				GCC_WARN_ABOUT_RETURN_TYPE = YES_ERROR;
				GCC_WARN_UNDECLARED_SELECTOR = YES;
				GCC_WARN_UNINITIALIZED_AUTOS = YES_AGGRESSIVE;
				GCC_WARN_UNUSED_FUNCTION = YES;
				GCC_WARN_UNUSED_VARIABLE = YES;
				MACOSX_DEPLOYMENT_TARGET = 10.12;
				MTL_ENABLE_DEBUG_INFO = YES;
				ONLY_ACTIVE_ARCH = YES;
				SDKROOT = macosx;
				SWIFT_ACTIVE_COMPILATION_CONDITIONS = DEBUG;
				SWIFT_OPTIMIZATION_LEVEL = "-Onone";
			};
			name = Debug;
		};
		B77E6A6F1E9BCEFC001CFE77 /* Release */ = {
			isa = XCBuildConfiguration;
			buildSettings = {
				ALWAYS_SEARCH_USER_PATHS = NO;
				CLANG_ANALYZER_LOCALIZABILITY_NONLOCALIZED = YES;
				CLANG_ANALYZER_NONNULL = YES;
				CLANG_ANALYZER_NUMBER_OBJECT_CONVERSION = YES_AGGRESSIVE;
				CLANG_CXX_LANGUAGE_STANDARD = "gnu++0x";
				CLANG_CXX_LIBRARY = "libc++";
				CLANG_ENABLE_MODULES = YES;
				CLANG_ENABLE_OBJC_ARC = YES;
				CLANG_WARN_BLOCK_CAPTURE_AUTORELEASING = YES;
				CLANG_WARN_BOOL_CONVERSION = YES;
				CLANG_WARN_COMMA = YES;
				CLANG_WARN_CONSTANT_CONVERSION = YES;
				CLANG_WARN_DEPRECATED_OBJC_IMPLEMENTATIONS = YES;
				CLANG_WARN_DIRECT_OBJC_ISA_USAGE = YES_ERROR;
				CLANG_WARN_DOCUMENTATION_COMMENTS = YES;
				CLANG_WARN_EMPTY_BODY = YES;
				CLANG_WARN_ENUM_CONVERSION = YES;
				CLANG_WARN_INFINITE_RECURSION = YES;
				CLANG_WARN_INT_CONVERSION = YES;
				CLANG_WARN_NON_LITERAL_NULL_CONVERSION = YES;
				CLANG_WARN_OBJC_IMPLICIT_RETAIN_SELF = YES;
				CLANG_WARN_OBJC_LITERAL_CONVERSION = YES;
				CLANG_WARN_OBJC_ROOT_CLASS = YES_ERROR;
				CLANG_WARN_QUOTED_INCLUDE_IN_FRAMEWORK_HEADER = YES;
				CLANG_WARN_RANGE_LOOP_ANALYSIS = YES;
				CLANG_WARN_STRICT_PROTOTYPES = YES;
				CLANG_WARN_SUSPICIOUS_MOVE = YES;
				CLANG_WARN_UNREACHABLE_CODE = YES;
				CLANG_WARN__DUPLICATE_METHOD_MATCH = YES;
				CODE_SIGN_IDENTITY = "-";
				COPY_PHASE_STRIP = NO;
				DEBUG_INFORMATION_FORMAT = "dwarf-with-dsym";
				ENABLE_NS_ASSERTIONS = NO;
				ENABLE_STRICT_OBJC_MSGSEND = YES;
				GCC_C_LANGUAGE_STANDARD = gnu99;
				GCC_NO_COMMON_BLOCKS = YES;
				GCC_WARN_64_TO_32_BIT_CONVERSION = YES;
				GCC_WARN_ABOUT_RETURN_TYPE = YES_ERROR;
				GCC_WARN_UNDECLARED_SELECTOR = YES;
				GCC_WARN_UNINITIALIZED_AUTOS = YES_AGGRESSIVE;
				GCC_WARN_UNUSED_FUNCTION = YES;
				GCC_WARN_UNUSED_VARIABLE = YES;
				MACOSX_DEPLOYMENT_TARGET = 10.12;
				MTL_ENABLE_DEBUG_INFO = NO;
				SDKROOT = macosx;
				SWIFT_OPTIMIZATION_LEVEL = "-Owholemodule";
			};
			name = Release;
		};
		B77E6A711E9BCEFC001CFE77 /* Debug */ = {
			isa = XCBuildConfiguration;
			buildSettings = {
				ASSETCATALOG_COMPILER_APPICON_NAME = "YTM-Icon";
				CODE_SIGN_ENTITLEMENTS = YoutubeToMac.entitlements;
				CODE_SIGN_IDENTITY = "Mac Developer";
				CODE_SIGN_STYLE = Automatic;
				COMBINE_HIDPI_IMAGES = YES;
				CURRENT_PROJECT_VERSION = 59;
				DEVELOPMENT_TEAM = 9W7546BN3K;
				ENABLE_HARDENED_RUNTIME = YES;
				FRAMEWORK_SEARCH_PATHS = (
					"$(inherited)",
					"$(PROJECT_DIR)",
					"$(PROJECT_DIR)/Frameworks",
				);
				INFOPLIST_FILE = YT3Swift/Info.plist;
				LD_RUNPATH_SEARCH_PATHS = "@loader_path/../Frameworks $(inherited) @executable_path/../Frameworks";
				MACOSX_DEPLOYMENT_TARGET = 10.13;
				MARKETING_VERSION = 1.2.3;
				OTHER_LDFLAGS = "-Wl,-rpath,@loader_path/../Frameworks";
				PRODUCT_BUNDLE_IDENTIFIER = com.PeerGroupSoftware.YoutubeToMac;
				PRODUCT_NAME = "$(TARGET_NAME)";
				PROVISIONING_PROFILE_SPECIFIER = "";
				SWIFT_VERSION = 5.0;
			};
			name = Debug;
		};
		B77E6A721E9BCEFC001CFE77 /* Release */ = {
			isa = XCBuildConfiguration;
			buildSettings = {
				ASSETCATALOG_COMPILER_APPICON_NAME = "YTM-Icon";
				CODE_SIGN_ENTITLEMENTS = YoutubeToMac.entitlements;
				CODE_SIGN_IDENTITY = "Mac Developer";
				CODE_SIGN_STYLE = Automatic;
				COMBINE_HIDPI_IMAGES = YES;
				CURRENT_PROJECT_VERSION = 59;
				DEVELOPMENT_TEAM = 9W7546BN3K;
				ENABLE_HARDENED_RUNTIME = YES;
				FRAMEWORK_SEARCH_PATHS = (
					"$(inherited)",
					"$(PROJECT_DIR)",
					"$(PROJECT_DIR)/Frameworks",
				);
				INFOPLIST_FILE = YT3Swift/Info.plist;
				LD_RUNPATH_SEARCH_PATHS = "@loader_path/../Frameworks $(inherited) @executable_path/../Frameworks";
				MACOSX_DEPLOYMENT_TARGET = 10.13;
				MARKETING_VERSION = 1.2.3;
				OTHER_LDFLAGS = "-Wl,-rpath,@loader_path/../Frameworks";
				PRODUCT_BUNDLE_IDENTIFIER = com.PeerGroupSoftware.YoutubeToMac;
				PRODUCT_NAME = "$(TARGET_NAME)";
				PROVISIONING_PROFILE_SPECIFIER = "";
				SWIFT_VERSION = 5.0;
			};
			name = Release;
		};
/* End XCBuildConfiguration section */

/* Begin XCConfigurationList section */
		B77E6A5C1E9BCEFC001CFE77 /* Build configuration list for PBXProject "YoutubeToMac" */ = {
			isa = XCConfigurationList;
			buildConfigurations = (
				B77E6A6E1E9BCEFC001CFE77 /* Debug */,
				B77E6A6F1E9BCEFC001CFE77 /* Release */,
			);
			defaultConfigurationIsVisible = 0;
			defaultConfigurationName = Release;
		};
		B77E6A701E9BCEFC001CFE77 /* Build configuration list for PBXNativeTarget "YoutubeToMac" */ = {
			isa = XCConfigurationList;
			buildConfigurations = (
				B77E6A711E9BCEFC001CFE77 /* Debug */,
				B77E6A721E9BCEFC001CFE77 /* Release */,
			);
			defaultConfigurationIsVisible = 0;
			defaultConfigurationName = Release;
		};
/* End XCConfigurationList section */
	};
	rootObject = B77E6A591E9BCEFC001CFE77 /* Project object */;
}
